
Microsoft Visual Studio Solution File, Format Version 12.00
# Visual Studio Version 17
VisualStudioVersion = 17.14.36804.6 d17.14
MinimumVisualStudioVersion = 10.0.40219.1
Project("{FAE04EC0-301F-11D3-BF4B-00C04F79EFBC}") = "MiniMacroRecorder2", "MiniMacroRecorder2\MiniMacroRecorder2.csproj", "{A10F87CD-0975-42DF-9F32-434FA18391E9}"
EndProject
Global
	GlobalSection(SolutionConfigurationPlatforms) = preSolution
		Debug|Any CPU = Debug|Any CPU
		Release|Any CPU = Release|Any CPU
	EndGlobalSection
	GlobalSection(ProjectConfigurationPlatforms) = postSolution
		{A10F87CD-0975-42DF-9F32-434FA18391E9}.Debug|Any CPU.ActiveCfg = Debug|Any CPU
		{A10F87CD-0975-42DF-9F32-434FA18391E9}.Debug|Any CPU.Build.0 = Debug|Any CPU
		{A10F87CD-0975-42DF-9F32-434FA18391E9}.Release|Any CPU.ActiveCfg = Release|Any CPU
		{A10F87CD-0975-42DF-9F32-434FA18391E9}.Release|Any CPU.Build.0 = Release|Any CPU
	EndGlobalSection
	GlobalSection(SolutionProperties) = preSolution
		HideSolutionNode = FALSE
	EndGlobalSection
	GlobalSection(ExtensibilityGlobals) = postSolution
		SolutionGuid = {A2B72ABD-0494-4B3F-AEEF-E69CCD96E4E5}
	EndGlobalSection
EndGlobal
